# This file was autogenerated by uv via the following command:
#    uv pip compile --python 3.12 --generate-hashes services/voice-box/requirements-build.txt -o services/voice-box/requirements-build.lock
pybind11==2.13.6 \
    --hash=sha256:237c41e29157b962835d356b370ededd57594a26d5894a795960f0047cb5caf5 \
    --hash=sha256:ba6af10348c12b24e92fa086b39cfba0eff619b61ac77c406167d813b096d39a
    # via -r services/voice-box/requirements-build.txt
setuptools==84.0.0 \
    --hash=sha256:51a52592b3b99e102b609654876bd65f19f999935166d1352678931132b0c670 \
    --hash=sha256:f4695c21257f0d9b537ec2692c941d02ee143b7cc1276941349a546573b2ef73
    # via -r services/voice-box/requirements-build.txt
wheel==0.45.1 \
    --hash=sha256:661e1abd9198507b1409a20c02106d9670b2576e916d58f520316666abca6729 \
    --hash=sha256:708e7481cc80179af0e556bbf0cc00b8444c7321e2700b8d8580231d13017248
    # via -r services/voice-box/requirements-build.txt
