# This file was autogenerated by uv via the following command:
#    uv pip compile --python 3.12 --generate-hashes --no-emit-package numpy --no-emit-package pyyaml services/voice-box/requirements-gpu.txt -o services/voice-box/requirements-gpu.lock
ctranslate2==4.8.2 \
    --hash=sha256:00bc9f44172d05bd2becefe757d2397ab3292fad1695169f9ebb9c16eb497ce2 \
    --hash=sha256:077e96d0c9c7308b989538b6f9955e9c42e87b65cb4c7005817f938ba497b6d4 \
    --hash=sha256:0e55a43e68762bcac3529aa469ea6d2af0d35b84f9187212a8a1079acc9b00f5 \
    --hash=sha256:1e866ccf5f5668f7302c39b535d19d7e5811f3f00d6246faf6ed6fa070fa1af3 \
    --hash=sha256:249b35f575adf8dd11e6ba43b212d5cbfc845d1140abc610c2872eef1ffb3481 \
    --hash=sha256:2778eaf89340062feb0d2d3dd35bedb14644673ccbce8934782dc8d093b2cab9 \
    --hash=sha256:2d86e5c26e3fc0a1dce410951fecbce4f92e3facbd1a62c93d92276bcbd53d08 \
    --hash=sha256:32b9d0e984aa17a0da9b37bb7e4dcc638e898a2c32de08d5a4db53f15f640faa \
    --hash=sha256:3823c9883c2c410a76b2f19feda9da628a3c112cedfd912db815e0055c8235e2 \
    --hash=sha256:399c20a7336b6358f69ce3c615e090eabc08f29735a079fd1ac1e464119e0861 \
    --hash=sha256:3b40592b45c4116e651321a0371c48cbebe22d856159b896afe7728bf694a9a6 \
    --hash=sha256:43adddac06f387b12ec921bcdd8fb50525eae4f43672fe64e15ebeea9854b040 \
    --hash=sha256:5385f15493e7b6f41377da83d0d5afeb8e0f36188260722f3800c3c7121455af \
    --hash=sha256:554a0b2abf098a11c66ef7930c0a05b3de683a455e8ea3f2e6ab6966aaabc136 \
    --hash=sha256:573dcf5d96034dd9bcf7ee0db1657af490a52292ffc77dfb4b104da1e93322ad \
    --hash=sha256:58b1a78d050a7f281907b8acfe6f0cdbbf2feaf7464f38eb05b846f83fbaa297 \
    --hash=sha256:633f19d1ff8d053a8b179ca742b242002ac7882a2ab44e319c6efcde27d586a4 \
    --hash=sha256:70e2388d31dfb59968e6e011d01a6fc6bf802c0e1ad920a8d2a413f1c9da02ae \
    --hash=sha256:781f835da7fdc4adcc38f9d674dbe9b37eaf3c9aee3b2bc17d684342ff59d549 \
    --hash=sha256:8221875b09ef982e3579a5165f8c9fcfb3d5de0f710af228eca2f73d69635ace \
    --hash=sha256:8ad4ee86fb93e8d7456fbcf77735d33c51eda4f363e15db4151b0e56e8633677 \
    --hash=sha256:8f87f29d4b1c26ec7437f147d70cc52a53465acfcd2e754d3a59c12fdb932ae7 \
    --hash=sha256:94f4a0c2a9641b18a2d1b873ad615efe95a5417a88f63470f3ca11088c9754df \
    --hash=sha256:980f13e1d41987908af945861081158fbcb2983f4f9399514adc8c87378b5587 \
    --hash=sha256:995938fcd24a1174a7abf9765e7fa216b5b91a1d8e8c4c8f383c7a186e8bab2e \
    --hash=sha256:9a732c7d58b89608c28cc4f04761c76a17e9fdab443e78c6857c736599bc8d72 \
    --hash=sha256:a24e0a95151b970941867fec94c983df978630f1996242a587c072d455607d28 \
    --hash=sha256:a40b190248389e1adb38ff90407937131c6bb9d7f9771f29ca1dca01946ff252 \
    --hash=sha256:cb2a5b4c206b3bd1f7f4b44d07e86e42050af6753053cdc86444f8d0ead9d6d8 \
    --hash=sha256:d94421d565d0de61c032998f737a18942b0f2bef40c0424b1846ec6f67300105 \
    --hash=sha256:dd9ab8b521230e8e962a58362b1ccde582806e781af8c1b9d7b244f3024468b1 \
    --hash=sha256:e32ae5e625a8999749745de43c2de5c12ceebb6d0d9cc9a3a956e8912bd68edb \
    --hash=sha256:e563497eafeebb6417678d4fc948edb7995d02cb8d1ef479bdabc4496edd7558 \
    --hash=sha256:f6f0b576c247984d3fc299a372ccc9319b668d6d25b0539f3c861beba15d0504 \
    --hash=sha256:fedda669421a57f8164568ee86ea265727016988d310fcc2e24ca30e9ec457cd
    # via -r services/voice-box/requirements-gpu.txt
nvidia-cublas-cu12==12.8.4.1 \
    --hash=sha256:47e9b82132fa8d2b4944e708049229601448aaad7e6f296f630f2d1a32de35af \
    --hash=sha256:8ac4e771d5a348c551b2a426eda6193c19aa630236b418086020df5ba9667142 \
    --hash=sha256:b86f6dd8935884615a0683b663891d43781b819ac4f2ba2b0c9604676af346d0
    # via
    #   -r services/voice-box/requirements-gpu.txt
    #   nvidia-cudnn-cu12
nvidia-cudnn-cu12==9.8.0.87 \
    --hash=sha256:b4b5cfddc32aa4180f9d390ee99e9a9f55a89e7087329b41aba4319327e22466 \
    --hash=sha256:b883faeb2f6f15dba7bbb6756eab6a0d9cecb59db5b0fa07577b9cfa24cd99f4 \
    --hash=sha256:d6b02cd0e3e24aa31d0193a8c39fec239354360d7d81055edddb69f35d53a4c8
    # via -r services/voice-box/requirements-gpu.txt

# The following packages were excluded from the output:
# numpy
# pyyaml
